
Microsoft Visual Studio Solution File, Format Version 12.00
# Visual Studio 15
VisualStudioVersion = 15.0.27703.2035
MinimumVisualStudioVersion = 10.0.40219.1
Project("{FAE04EC0-301F-11D3-BF4B-00C04F79EFBC}") = "Subcribers", "ConsoleApp12\Subcribers.csproj", "{98C359D2-3DD0-4E77-BD57-019EACA94F55}"
EndProject
Global
	GlobalSection(SolutionConfigurationPlatforms) = preSolution
		Debug|Any CPU = Debug|Any CPU
		Release|Any CPU = Release|Any CPU
	EndGlobalSection
	GlobalSection(ProjectConfigurationPlatforms) = postSolution
		{98C359D2-3DD0-4E77-BD57-019EACA94F55}.Debug|Any CPU.ActiveCfg = Debug|Any CPU
		{98C359D2-3DD0-4E77-BD57-019EACA94F55}.Debug|Any CPU.Build.0 = Debug|Any CPU
		{98C359D2-3DD0-4E77-BD57-019EACA94F55}.Release|Any CPU.ActiveCfg = Release|Any CPU
		{98C359D2-3DD0-4E77-BD57-019EACA94F55}.Release|Any CPU.Build.0 = Release|Any CPU
	EndGlobalSection
	GlobalSection(SolutionProperties) = preSolution
		HideSolutionNode = FALSE
	EndGlobalSection
	GlobalSection(ExtensibilityGlobals) = postSolution
		SolutionGuid = {9D252FF5-B07C-40AC-9652-A0F47CE5B723}
	EndGlobalSection
EndGlobal
